
Microsoft Visual Studio Solution File, Format Version 12.00
# Visual Studio Version 16
VisualStudioVersion = 16.0.33328.57
MinimumVisualStudioVersion = 10.0.40219.1
Project("{FAE04EC0-301F-11D3-BF4B-00C04F79EFBC}") = "ReajusteSalario", "ReajusteSalario\ReajusteSalario.csproj", "{C711B3EB-0EB3-4753-8CC5-DD5B01F7BC54}"
EndProject
Global
	GlobalSection(SolutionConfigurationPlatforms) = preSolution
		Debug|Any CPU = Debug|Any CPU
		Release|Any CPU = Release|Any CPU
	EndGlobalSection
	GlobalSection(ProjectConfigurationPlatforms) = postSolution
		{C711B3EB-0EB3-4753-8CC5-DD5B01F7BC54}.Debug|Any CPU.ActiveCfg = Debug|Any CPU
		{C711B3EB-0EB3-4753-8CC5-DD5B01F7BC54}.Debug|Any CPU.Build.0 = Debug|Any CPU
		{C711B3EB-0EB3-4753-8CC5-DD5B01F7BC54}.Release|Any CPU.ActiveCfg = Release|Any CPU
		{C711B3EB-0EB3-4753-8CC5-DD5B01F7BC54}.Release|Any CPU.Build.0 = Release|Any CPU
	EndGlobalSection
	GlobalSection(SolutionProperties) = preSolution
		HideSolutionNode = FALSE
	EndGlobalSection
	GlobalSection(ExtensibilityGlobals) = postSolution
		SolutionGuid = {FF16BD04-32F3-4DCD-93C6-670835D7305D}
	EndGlobalSection
EndGlobal
